
Microsoft Visual Studio Solution File, Format Version 12.00
# Visual Studio Version 16
VisualStudioVersion = 16.0.32106.194
MinimumVisualStudioVersion = 10.0.40219.1
Project("{FAE04EC0-301F-11D3-BF4B-00C04F79EFBC}") = "CPAModelViewHtmlReader", "CPAModelViewHtmlReader.csproj", "{2948E55B-9132-4638-9798-C5EB4497B637}"
EndProject
Global
	GlobalSection(SolutionConfigurationPlatforms) = preSolution
		Debug|Any CPU = Debug|Any CPU
		Release|Any CPU = Release|Any CPU
	EndGlobalSection
	GlobalSection(ProjectConfigurationPlatforms) = postSolution
		{2948E55B-9132-4638-9798-C5EB4497B637}.Debug|Any CPU.ActiveCfg = Debug|Any CPU
		{2948E55B-9132-4638-9798-C5EB4497B637}.Debug|Any CPU.Build.0 = Debug|Any CPU
		{2948E55B-9132-4638-9798-C5EB4497B637}.Release|Any CPU.ActiveCfg = Release|Any CPU
		{2948E55B-9132-4638-9798-C5EB4497B637}.Release|Any CPU.Build.0 = Release|Any CPU
	EndGlobalSection
	GlobalSection(SolutionProperties) = preSolution
		HideSolutionNode = FALSE
	EndGlobalSection
	GlobalSection(ExtensibilityGlobals) = postSolution
		SolutionGuid = {E4271CF1-5810-49C0-A398-A043A2E11F9F}
	EndGlobalSection
EndGlobal
